
Microsoft Visual Studio Solution File, Format Version 12.00
# Visual Studio Version 17
VisualStudioVersion = 17.9.34622.214
MinimumVisualStudioVersion = 10.0.40219.1
Project("{2150E333-8FDC-42A3-9474-1A3956D46DE8}") = "FrontEnd", "FrontEnd", "{8E09A3E3-329D-4DEC-BDFA-1A2390ADBC3E}"
EndProject
Project("{FAE04EC0-301F-11D3-BF4B-00C04F79EFBC}") = "MQS.Ecommerce.Web", "FrontEnd\MQS.Ecommerce.Web\MQS.Ecommerce.Web.csproj", "{2984EB32-3378-4676-A185-91A5C40C17C2}"
EndProject
Project("{2150E333-8FDC-42A3-9474-1A3956D46DE8}") = "Gateway", "Gateway", "{6102C61D-3C15-41CB-A45D-766394441BC3}"
EndProject
Project("{FAE04EC0-301F-11D3-BF4B-00C04F79EFBC}") = "MQS.Ecommerce.Gateway", "Gateway\MQS.Ecommerce.Gateway\MQS.Ecommerce.Gateway.csproj", "{95F4143F-37AF-4413-ACD4-68789E1DC6F4}"
EndProject
Project("{2150E333-8FDC-42A3-9474-1A3956D46DE8}") = "Integration", "Integration", "{7A4C3F09-AAA6-44BB-8126-67BD36802078}"
EndProject
Project("{FAE04EC0-301F-11D3-BF4B-00C04F79EFBC}") = "MQS.Ecommerce.MessageBus", "Integration\MQS.Ecommerce.MessageBus\MQS.Ecommerce.MessageBus.csproj", "{D3D41C70-CC83-4CD6-816A-67FBACF53F6A}"
EndProject
Project("{2150E333-8FDC-42A3-9474-1A3956D46DE8}") = "Services", "Services", "{52ED74EE-0A55-4872-988F-344C61147878}"
EndProject
Project("{FAE04EC0-301F-11D3-BF4B-00C04F79EFBC}") = "MQS.Ecommerce.AuthAPI", "Services\MQS.Ecommerce.AuthAPI\MQS.Ecommerce.AuthAPI.csproj", "{DBE95E55-7008-42DC-8864-6E5A66A9B87D}"
EndProject
Project("{FAE04EC0-301F-11D3-BF4B-00C04F79EFBC}") = "MQS.Ecommerce.CouponAPI", "Services\MQS.Ecommerce.CouponAPI\MQS.Ecommerce.CouponAPI.csproj", "{951CB823-A575-4CDB-A63D-6124972A86AC}"
EndProject
Project("{FAE04EC0-301F-11D3-BF4B-00C04F79EFBC}") = "MQS.Ecommerce.EmailAPI", "Services\MQS.Ecommerce.EmailAPI\MQS.Ecommerce.EmailAPI.csproj", "{0B063CC9-4C3E-4A23-8769-DFF3767DC5F4}"
EndProject
Project("{FAE04EC0-301F-11D3-BF4B-00C04F79EFBC}") = "MQS.Ecommerce.OrderAPI", "Services\MQS.Ecommerce.OrderAPI\MQS.Ecommerce.OrderAPI.csproj", "{6082D35A-9F38-49D4-A7E0-B1AD88A60BB2}"
EndProject
Project("{FAE04EC0-301F-11D3-BF4B-00C04F79EFBC}") = "MQS.Ecommerce.ProductAPI", "Services\MQS.Ecommerce.ProductAPI\MQS.Ecommerce.ProductAPI.csproj", "{A924935E-A016-4CD4-B7EA-F8C08D856CE4}"
EndProject
Project("{FAE04EC0-301F-11D3-BF4B-00C04F79EFBC}") = "MQS.Ecommerce.RewardAPI", "Services\MQS.Ecommerce.RewardAPI\MQS.Ecommerce.RewardAPI.csproj", "{D6BFA8F3-778D-4B27-981A-CEA48D051F68}"
EndProject
Project("{FAE04EC0-301F-11D3-BF4B-00C04F79EFBC}") = "MQS.Ecommerce.ShoppingCartAPI", "Services\MQS.Ecommerce.ShoppingCartAPI\MQS.Ecommerce.ShoppingCartAPI.csproj", "{EE2F55FD-73DF-4914-86DE-3C3FAE87CE84}"
EndProject
Global
	GlobalSection(SolutionConfigurationPlatforms) = preSolution
		Debug|Any CPU = Debug|Any CPU
		Release|Any CPU = Release|Any CPU
	EndGlobalSection
	GlobalSection(ProjectConfigurationPlatforms) = postSolution
		{2984EB32-3378-4676-A185-91A5C40C17C2}.Debug|Any CPU.ActiveCfg = Debug|Any CPU
		{2984EB32-3378-4676-A185-91A5C40C17C2}.Debug|Any CPU.Build.0 = Debug|Any CPU
		{2984EB32-3378-4676-A185-91A5C40C17C2}.Release|Any CPU.ActiveCfg = Release|Any CPU
		{2984EB32-3378-4676-A185-91A5C40C17C2}.Release|Any CPU.Build.0 = Release|Any CPU
		{95F4143F-37AF-4413-ACD4-68789E1DC6F4}.Debug|Any CPU.ActiveCfg = Debug|Any CPU
		{95F4143F-37AF-4413-ACD4-68789E1DC6F4}.Debug|Any CPU.Build.0 = Debug|Any CPU
		{95F4143F-37AF-4413-ACD4-68789E1DC6F4}.Release|Any CPU.ActiveCfg = Release|Any CPU
		{95F4143F-37AF-4413-ACD4-68789E1DC6F4}.Release|Any CPU.Build.0 = Release|Any CPU
		{D3D41C70-CC83-4CD6-816A-67FBACF53F6A}.Debug|Any CPU.ActiveCfg = Debug|Any CPU
		{D3D41C70-CC83-4CD6-816A-67FBACF53F6A}.Debug|Any CPU.Build.0 = Debug|Any CPU
		{D3D41C70-CC83-4CD6-816A-67FBACF53F6A}.Release|Any CPU.ActiveCfg = Release|Any CPU
		{D3D41C70-CC83-4CD6-816A-67FBACF53F6A}.Release|Any CPU.Build.0 = Release|Any CPU
		{DBE95E55-7008-42DC-8864-6E5A66A9B87D}.Debug|Any CPU.ActiveCfg = Debug|Any CPU
		{DBE95E55-7008-42DC-8864-6E5A66A9B87D}.Debug|Any CPU.Build.0 = Debug|Any CPU
		{DBE95E55-7008-42DC-8864-6E5A66A9B87D}.Release|Any CPU.ActiveCfg = Release|Any CPU
		{DBE95E55-7008-42DC-8864-6E5A66A9B87D}.Release|Any CPU.Build.0 = Release|Any CPU
		{951CB823-A575-4CDB-A63D-6124972A86AC}.Debug|Any CPU.ActiveCfg = Debug|Any CPU
		{951CB823-A575-4CDB-A63D-6124972A86AC}.Debug|Any CPU.Build.0 = Debug|Any CPU
		{951CB823-A575-4CDB-A63D-6124972A86AC}.Release|Any CPU.ActiveCfg = Release|Any CPU
		{951CB823-A575-4CDB-A63D-6124972A86AC}.Release|Any CPU.Build.0 = Release|Any CPU
		{0B063CC9-4C3E-4A23-8769-DFF3767DC5F4}.Debug|Any CPU.ActiveCfg = Debug|Any CPU
		{0B063CC9-4C3E-4A23-8769-DFF3767DC5F4}.Debug|Any CPU.Build.0 = Debug|Any CPU
		{0B063CC9-4C3E-4A23-8769-DFF3767DC5F4}.Release|Any CPU.ActiveCfg = Release|Any CPU
		{0B063CC9-4C3E-4A23-8769-DFF3767DC5F4}.Release|Any CPU.Build.0 = Release|Any CPU
		{6082D35A-9F38-49D4-A7E0-B1AD88A60BB2}.Debug|Any CPU.ActiveCfg = Debug|Any CPU
		{6082D35A-9F38-49D4-A7E0-B1AD88A60BB2}.Debug|Any CPU.Build.0 = Debug|Any CPU
		{6082D35A-9F38-49D4-A7E0-B1AD88A60BB2}.Release|Any CPU.ActiveCfg = Release|Any CPU
		{6082D35A-9F38-49D4-A7E0-B1AD88A60BB2}.Release|Any CPU.Build.0 = Release|Any CPU
		{A924935E-A016-4CD4-B7EA-F8C08D856CE4}.Debug|Any CPU.ActiveCfg = Debug|Any CPU
		{A924935E-A016-4CD4-B7EA-F8C08D856CE4}.Debug|Any CPU.Build.0 = Debug|Any CPU
		{A924935E-A016-4CD4-B7EA-F8C08D856CE4}.Release|Any CPU.ActiveCfg = Release|Any CPU
		{A924935E-A016-4CD4-B7EA-F8C08D856CE4}.Release|Any CPU.Build.0 = Release|Any CPU
		{D6BFA8F3-778D-4B27-981A-CEA48D051F68}.Debug|Any CPU.ActiveCfg = Debug|Any CPU
		{D6BFA8F3-778D-4B27-981A-CEA48D051F68}.Debug|Any CPU.Build.0 = Debug|Any CPU
		{D6BFA8F3-778D-4B27-981A-CEA48D051F68}.Release|Any CPU.ActiveCfg = Release|Any CPU
		{D6BFA8F3-778D-4B27-981A-CEA48D051F68}.Release|Any CPU.Build.0 = Release|Any CPU
		{EE2F55FD-73DF-4914-86DE-3C3FAE87CE84}.Debug|Any CPU.ActiveCfg = Debug|Any CPU
		{EE2F55FD-73DF-4914-86DE-3C3FAE87CE84}.Debug|Any CPU.Build.0 = Debug|Any CPU
		{EE2F55FD-73DF-4914-86DE-3C3FAE87CE84}.Release|Any CPU.ActiveCfg = Release|Any CPU
		{EE2F55FD-73DF-4914-86DE-3C3FAE87CE84}.Release|Any CPU.Build.0 = Release|Any CPU
	EndGlobalSection
	GlobalSection(SolutionProperties) = preSolution
		HideSolutionNode = FALSE
	EndGlobalSection
	GlobalSection(NestedProjects) = preSolution
		{2984EB32-3378-4676-A185-91A5C40C17C2} = {8E09A3E3-329D-4DEC-BDFA-1A2390ADBC3E}
		{95F4143F-37AF-4413-ACD4-68789E1DC6F4} = {6102C61D-3C15-41CB-A45D-766394441BC3}
		{D3D41C70-CC83-4CD6-816A-67FBACF53F6A} = {7A4C3F09-AAA6-44BB-8126-67BD36802078}
		{DBE95E55-7008-42DC-8864-6E5A66A9B87D} = {52ED74EE-0A55-4872-988F-344C61147878}
		{951CB823-A575-4CDB-A63D-6124972A86AC} = {52ED74EE-0A55-4872-988F-344C61147878}
		{0B063CC9-4C3E-4A23-8769-DFF3767DC5F4} = {52ED74EE-0A55-4872-988F-344C61147878}
		{6082D35A-9F38-49D4-A7E0-B1AD88A60BB2} = {52ED74EE-0A55-4872-988F-344C61147878}
		{A924935E-A016-4CD4-B7EA-F8C08D856CE4} = {52ED74EE-0A55-4872-988F-344C61147878}
		{D6BFA8F3-778D-4B27-981A-CEA48D051F68} = {52ED74EE-0A55-4872-988F-344C61147878}
		{EE2F55FD-73DF-4914-86DE-3C3FAE87CE84} = {52ED74EE-0A55-4872-988F-344C61147878}
	EndGlobalSection
	GlobalSection(ExtensibilityGlobals) = postSolution
		SolutionGuid = {328A2043-6CEB-4DC2-86AE-BD9D80D7021F}
	EndGlobalSection
EndGlobal
